
Microsoft Visual Studio Solution File, Format Version 12.00
# Visual Studio Version 17
VisualStudioVersion = 17.9.34616.47
MinimumVisualStudioVersion = 10.0.40219.1
Project("{9A19103F-16F7-4668-BE54-9A1E7A4F7556}") = "salian_api", "salian_api.csproj", "{12EBE14D-E384-42E6-9BB2-23078EE11C1D}"
EndProject
Project("{9A19103F-16F7-4668-BE54-9A1E7A4F7556}") = "salian_front", "..\salian_front\salian_front.csproj", "{DD02FD7F-045B-4A01-8779-50BE52F9D06B}"
EndProject
Global
	GlobalSection(SolutionConfigurationPlatforms) = preSolution
		Debug|Any CPU = Debug|Any CPU
		Release|Any CPU = Release|Any CPU
	EndGlobalSection
	GlobalSection(ProjectConfigurationPlatforms) = postSolution
		{12EBE14D-E384-42E6-9BB2-23078EE11C1D}.Debug|Any CPU.ActiveCfg = Debug|Any CPU
		{12EBE14D-E384-42E6-9BB2-23078EE11C1D}.Debug|Any CPU.Build.0 = Debug|Any CPU
		{12EBE14D-E384-42E6-9BB2-23078EE11C1D}.Release|Any CPU.ActiveCfg = Release|Any CPU
		{12EBE14D-E384-42E6-9BB2-23078EE11C1D}.Release|Any CPU.Build.0 = Release|Any CPU
		{DD02FD7F-045B-4A01-8779-50BE52F9D06B}.Debug|Any CPU.ActiveCfg = Debug|Any CPU
		{DD02FD7F-045B-4A01-8779-50BE52F9D06B}.Debug|Any CPU.Build.0 = Debug|Any CPU
		{DD02FD7F-045B-4A01-8779-50BE52F9D06B}.Release|Any CPU.ActiveCfg = Release|Any CPU
		{DD02FD7F-045B-4A01-8779-50BE52F9D06B}.Release|Any CPU.Build.0 = Release|Any CPU
	EndGlobalSection
	GlobalSection(SolutionProperties) = preSolution
		HideSolutionNode = FALSE
	EndGlobalSection
	GlobalSection(ExtensibilityGlobals) = postSolution
		SolutionGuid = {B776BBCF-68E2-44BC-BCC3-F869CA7EAE85}
	EndGlobalSection
EndGlobal
